
Microsoft Visual Studio Solution File, Format Version 12.00
# Visual Studio Version 17
VisualStudioVersion = 17.11.35222.181
MinimumVisualStudioVersion = 10.0.40219.1
Project("{9A19103F-16F7-4668-BE54-9A1E7A4F7556}") = "WebApplication1", "WebApplication1\WebApplication1.csproj", "{8183F871-E2DE-47D9-BAB7-7B5C0BB0F492}"
EndProject
Project("{9A19103F-16F7-4668-BE54-9A1E7A4F7556}") = "Frietzaak API", "Frietzaak API\Frietzaak API.csproj", "{3733BA23-D379-4746-834D-75A0D7F0D396}"
EndProject
Global
	GlobalSection(SolutionConfigurationPlatforms) = preSolution
		Debug|Any CPU = Debug|Any CPU
		Release|Any CPU = Release|Any CPU
	EndGlobalSection
	GlobalSection(ProjectConfigurationPlatforms) = postSolution
		{8183F871-E2DE-47D9-BAB7-7B5C0BB0F492}.Debug|Any CPU.ActiveCfg = Debug|Any CPU
		{8183F871-E2DE-47D9-BAB7-7B5C0BB0F492}.Debug|Any CPU.Build.0 = Debug|Any CPU
		{8183F871-E2DE-47D9-BAB7-7B5C0BB0F492}.Release|Any CPU.ActiveCfg = Release|Any CPU
		{8183F871-E2DE-47D9-BAB7-7B5C0BB0F492}.Release|Any CPU.Build.0 = Release|Any CPU
		{3733BA23-D379-4746-834D-75A0D7F0D396}.Debug|Any CPU.ActiveCfg = Debug|Any CPU
		{3733BA23-D379-4746-834D-75A0D7F0D396}.Debug|Any CPU.Build.0 = Debug|Any CPU
		{3733BA23-D379-4746-834D-75A0D7F0D396}.Release|Any CPU.ActiveCfg = Release|Any CPU
		{3733BA23-D379-4746-834D-75A0D7F0D396}.Release|Any CPU.Build.0 = Release|Any CPU
	EndGlobalSection
	GlobalSection(SolutionProperties) = preSolution
		HideSolutionNode = FALSE
	EndGlobalSection
	GlobalSection(ExtensibilityGlobals) = postSolution
		SolutionGuid = {F4C92073-CB2B-44AE-97E1-A0A9660ECE4A}
	EndGlobalSection
EndGlobal
